
Microsoft Visual Studio Solution File, Format Version 12.00
# Visual Studio 15
VisualStudioVersion = 15.0.28307.1231
MinimumVisualStudioVersion = 10.0.40219.1
Project("{FAE04EC0-301F-11D3-BF4B-00C04F79EFBC}") = "CoffeeMaker", "CoffeeMaker\CoffeeMaker.csproj", "{CB67E713-D74E-4425-A73D-927CC2AE2E6F}"
EndProject
Project("{FAE04EC0-301F-11D3-BF4B-00C04F79EFBC}") = "OperatorOverloadingApp", "OperatorOverloadingApp\OperatorOverloadingApp.csproj", "{E58F7A13-A2D0-4964-9AD9-42E6FBE4DDA4}"
EndProject
Project("{FAE04EC0-301F-11D3-BF4B-00C04F79EFBC}") = "WindowsFormsApp1", "WindowsFormsApp1\WindowsFormsApp1.csproj", "{C3C7DCD5-6E85-49A6-9196-4F594614E933}"
EndProject
Project("{FAE04EC0-301F-11D3-BF4B-00C04F79EFBC}") = "WindowsFormsApp2", "WindowsFormsApp2\WindowsFormsApp2.csproj", "{772DE37A-53AF-47C0-A367-C50FCD977D9C}"
EndProject
Global
	GlobalSection(SolutionConfigurationPlatforms) = preSolution
		Debug|Any CPU = Debug|Any CPU
		Release|Any CPU = Release|Any CPU
	EndGlobalSection
	GlobalSection(ProjectConfigurationPlatforms) = postSolution
		{CB67E713-D74E-4425-A73D-927CC2AE2E6F}.Debug|Any CPU.ActiveCfg = Debug|Any CPU
		{CB67E713-D74E-4425-A73D-927CC2AE2E6F}.Debug|Any CPU.Build.0 = Debug|Any CPU
		{CB67E713-D74E-4425-A73D-927CC2AE2E6F}.Release|Any CPU.ActiveCfg = Release|Any CPU
		{CB67E713-D74E-4425-A73D-927CC2AE2E6F}.Release|Any CPU.Build.0 = Release|Any CPU
		{E58F7A13-A2D0-4964-9AD9-42E6FBE4DDA4}.Debug|Any CPU.ActiveCfg = Debug|Any CPU
		{E58F7A13-A2D0-4964-9AD9-42E6FBE4DDA4}.Debug|Any CPU.Build.0 = Debug|Any CPU
		{E58F7A13-A2D0-4964-9AD9-42E6FBE4DDA4}.Release|Any CPU.ActiveCfg = Release|Any CPU
		{E58F7A13-A2D0-4964-9AD9-42E6FBE4DDA4}.Release|Any CPU.Build.0 = Release|Any CPU
		{C3C7DCD5-6E85-49A6-9196-4F594614E933}.Debug|Any CPU.ActiveCfg = Debug|Any CPU
		{C3C7DCD5-6E85-49A6-9196-4F594614E933}.Debug|Any CPU.Build.0 = Debug|Any CPU
		{C3C7DCD5-6E85-49A6-9196-4F594614E933}.Release|Any CPU.ActiveCfg = Release|Any CPU
		{C3C7DCD5-6E85-49A6-9196-4F594614E933}.Release|Any CPU.Build.0 = Release|Any CPU
		{772DE37A-53AF-47C0-A367-C50FCD977D9C}.Debug|Any CPU.ActiveCfg = Debug|Any CPU
		{772DE37A-53AF-47C0-A367-C50FCD977D9C}.Debug|Any CPU.Build.0 = Debug|Any CPU
		{772DE37A-53AF-47C0-A367-C50FCD977D9C}.Release|Any CPU.ActiveCfg = Release|Any CPU
		{772DE37A-53AF-47C0-A367-C50FCD977D9C}.Release|Any CPU.Build.0 = Release|Any CPU
	EndGlobalSection
	GlobalSection(SolutionProperties) = preSolution
		HideSolutionNode = FALSE
	EndGlobalSection
	GlobalSection(ExtensibilityGlobals) = postSolution
		SolutionGuid = {99487331-28B8-426D-9E2B-93FF8D62421B}
	EndGlobalSection
EndGlobal
