
Microsoft Visual Studio Solution File, Format Version 12.00
# Visual Studio Version 16
VisualStudioVersion = 16.0.30523.141
MinimumVisualStudioVersion = 10.0.40219.1
Project("{FAE04EC0-301F-11D3-BF4B-00C04F79EFBC}") = "1 Calculator", "1 Calculator\1 Calculator.csproj", "{CD05A835-9883-487B-9DB2-A3675210803D}"
EndProject
Global
	GlobalSection(SolutionConfigurationPlatforms) = preSolution
		Debug|Any CPU = Debug|Any CPU
		Release|Any CPU = Release|Any CPU
	EndGlobalSection
	GlobalSection(ProjectConfigurationPlatforms) = postSolution
		{CD05A835-9883-487B-9DB2-A3675210803D}.Debug|Any CPU.ActiveCfg = Debug|Any CPU
		{CD05A835-9883-487B-9DB2-A3675210803D}.Debug|Any CPU.Build.0 = Debug|Any CPU
		{CD05A835-9883-487B-9DB2-A3675210803D}.Release|Any CPU.ActiveCfg = Release|Any CPU
		{CD05A835-9883-487B-9DB2-A3675210803D}.Release|Any CPU.Build.0 = Release|Any CPU
	EndGlobalSection
	GlobalSection(SolutionProperties) = preSolution
		HideSolutionNode = FALSE
	EndGlobalSection
	GlobalSection(ExtensibilityGlobals) = postSolution
		SolutionGuid = {F5884E65-615F-4267-9CE3-CAE0F97AD0BC}
	EndGlobalSection
EndGlobal
