
Microsoft Visual Studio Solution File, Format Version 12.00
# Visual Studio Version 16
VisualStudioVersion = 16.0.30523.141
MinimumVisualStudioVersion = 10.0.40219.1
Project("{FAE04EC0-301F-11D3-BF4B-00C04F79EFBC}") = "1 Generic", "1 Generic\1 Generic.csproj", "{21E6EA43-C057-4E15-B26B-A6397177DE50}"
EndProject
Project("{FAE04EC0-301F-11D3-BF4B-00C04F79EFBC}") = "2 ThreadCreate", "2 ThreadCreate\2 ThreadCreate.csproj", "{2DA6C6BF-FD3B-4F55-991C-8F096A2607DB}"
EndProject
Global
	GlobalSection(SolutionConfigurationPlatforms) = preSolution
		Debug|Any CPU = Debug|Any CPU
		Release|Any CPU = Release|Any CPU
	EndGlobalSection
	GlobalSection(ProjectConfigurationPlatforms) = postSolution
		{21E6EA43-C057-4E15-B26B-A6397177DE50}.Debug|Any CPU.ActiveCfg = Debug|Any CPU
		{21E6EA43-C057-4E15-B26B-A6397177DE50}.Debug|Any CPU.Build.0 = Debug|Any CPU
		{21E6EA43-C057-4E15-B26B-A6397177DE50}.Release|Any CPU.ActiveCfg = Release|Any CPU
		{21E6EA43-C057-4E15-B26B-A6397177DE50}.Release|Any CPU.Build.0 = Release|Any CPU
		{2DA6C6BF-FD3B-4F55-991C-8F096A2607DB}.Debug|Any CPU.ActiveCfg = Debug|Any CPU
		{2DA6C6BF-FD3B-4F55-991C-8F096A2607DB}.Debug|Any CPU.Build.0 = Debug|Any CPU
		{2DA6C6BF-FD3B-4F55-991C-8F096A2607DB}.Release|Any CPU.ActiveCfg = Release|Any CPU
		{2DA6C6BF-FD3B-4F55-991C-8F096A2607DB}.Release|Any CPU.Build.0 = Release|Any CPU
	EndGlobalSection
	GlobalSection(SolutionProperties) = preSolution
		HideSolutionNode = FALSE
	EndGlobalSection
	GlobalSection(ExtensibilityGlobals) = postSolution
		SolutionGuid = {C28A5DD1-A353-4E96-A175-B0A2C903BFDF}
	EndGlobalSection
EndGlobal
